
Microsoft Visual Studio Solution File, Format Version 12.00
# Visual Studio Version 17
VisualStudioVersion = 17.10.34916.146
MinimumVisualStudioVersion = 10.0.40219.1
Project("{FAE04EC0-301F-11D3-BF4B-00C04F79EFBC}") = "queuepa.Server", "queuepa.Server\queuepa.Server.csproj", "{7AC044EE-3703-4E04-90CF-897A68307033}"
EndProject
Project("{54A90642-561A-4BB1-A94E-469ADEE60C69}") = "queuepa.client", "queuepa.client\queuepa.client.esproj", "{3F454C4A-DB6B-4B1C-A48F-44A51EE545F0}"
EndProject
Global
	GlobalSection(SolutionConfigurationPlatforms) = preSolution
		Debug|Any CPU = Debug|Any CPU
		Release|Any CPU = Release|Any CPU
	EndGlobalSection
	GlobalSection(ProjectConfigurationPlatforms) = postSolution
		{7AC044EE-3703-4E04-90CF-897A68307033}.Debug|Any CPU.ActiveCfg = Debug|Any CPU
		{7AC044EE-3703-4E04-90CF-897A68307033}.Debug|Any CPU.Build.0 = Debug|Any CPU
		{7AC044EE-3703-4E04-90CF-897A68307033}.Release|Any CPU.ActiveCfg = Release|Any CPU
		{7AC044EE-3703-4E04-90CF-897A68307033}.Release|Any CPU.Build.0 = Release|Any CPU
		{3F454C4A-DB6B-4B1C-A48F-44A51EE545F0}.Debug|Any CPU.ActiveCfg = Debug|Any CPU
		{3F454C4A-DB6B-4B1C-A48F-44A51EE545F0}.Debug|Any CPU.Build.0 = Debug|Any CPU
		{3F454C4A-DB6B-4B1C-A48F-44A51EE545F0}.Debug|Any CPU.Deploy.0 = Debug|Any CPU
		{3F454C4A-DB6B-4B1C-A48F-44A51EE545F0}.Release|Any CPU.ActiveCfg = Release|Any CPU
		{3F454C4A-DB6B-4B1C-A48F-44A51EE545F0}.Release|Any CPU.Build.0 = Release|Any CPU
		{3F454C4A-DB6B-4B1C-A48F-44A51EE545F0}.Release|Any CPU.Deploy.0 = Release|Any CPU
	EndGlobalSection
	GlobalSection(SolutionProperties) = preSolution
		HideSolutionNode = FALSE
	EndGlobalSection
	GlobalSection(ExtensibilityGlobals) = postSolution
		SolutionGuid = {02112B7E-132F-4550-A5CF-127FA8AF3943}
	EndGlobalSection
EndGlobal
